
Microsoft Visual Studio Solution File, Format Version 12.00
# Visual Studio 15
VisualStudioVersion = 15.0.28307.572
MinimumVisualStudioVersion = 10.0.40219.1
Project("{2150E333-8FDC-42A3-9474-1A3956D46DE8}") = "Creational", "Creational", "{CE445D6A-1CF1-47BB-B54F-C18E1DDA0376}"
EndProject
Project("{9A19103F-16F7-4668-BE54-9A1E7A4F7556}") = "AbstractFactory", "src\AbstractFactory\AbstractFactory.csproj", "{57E9E3BC-A309-4F6F-9C74-33224CFED526}"
EndProject
Project("{9A19103F-16F7-4668-BE54-9A1E7A4F7556}") = "FactoryMethod", "src\FactoryMethod\FactoryMethod.csproj", "{88B5EF81-E19A-4351-940D-BC9342638431}"
EndProject
Project("{9A19103F-16F7-4668-BE54-9A1E7A4F7556}") = "Prototype", "src\Prototype\Prototype.csproj", "{1ECDDC94-5CBC-4658-B1D8-D11A3D69DCE7}"
EndProject
Project("{9A19103F-16F7-4668-BE54-9A1E7A4F7556}") = "Singleton", "src\Singleton\Singleton.csproj", "{7961A62D-A7B1-400F-90AB-CAA614115FD2}"
EndProject
Project("{2150E333-8FDC-42A3-9474-1A3956D46DE8}") = "Structural", "Structural", "{AC175260-867F-4788-9D01-523DD9076C84}"
EndProject
Project("{9A19103F-16F7-4668-BE54-9A1E7A4F7556}") = "Adapter", "src\Adapter\Adapter.csproj", "{D858D66F-A3F2-406F-8A31-CA084CB45241}"
EndProject
Project("{9A19103F-16F7-4668-BE54-9A1E7A4F7556}") = "Bridge", "src\Bridge\Bridge.csproj", "{6C5A7E0B-96CD-4668-8ECA-B5E20CBB8E06}"
EndProject
Project("{9A19103F-16F7-4668-BE54-9A1E7A4F7556}") = "Composite", "src\Composite\Composite.csproj", "{AE1499B6-E4DF-4BC6-AE45-F4E3FA2B5559}"
EndProject
Project("{9A19103F-16F7-4668-BE54-9A1E7A4F7556}") = "Decorator", "src\Decorator\Decorator.csproj", "{47FF5364-CB16-45DF-84FE-114C3034DA07}"
EndProject
Project("{9A19103F-16F7-4668-BE54-9A1E7A4F7556}") = "Builder", "src\Builder\Builder.csproj", "{CB0DCAB1-B32C-4FCD-A5B4-A1302470DEAB}"
EndProject
Project("{9A19103F-16F7-4668-BE54-9A1E7A4F7556}") = "Facade", "src\Facade\Facade.csproj", "{36C29964-4CBD-4320-9223-54291E0BE372}"
EndProject
Project("{9A19103F-16F7-4668-BE54-9A1E7A4F7556}") = "Flyweight", "src\Flyweight\Flyweight.csproj", "{4D974812-7935-4C73-BB12-7891B6D6BBD1}"
EndProject
Project("{9A19103F-16F7-4668-BE54-9A1E7A4F7556}") = "Proxy", "src\Proxy\Proxy.csproj", "{37664D8F-5C96-461B-B0B5-5D7BC4D11B98}"
EndProject
Project("{2150E333-8FDC-42A3-9474-1A3956D46DE8}") = "Behavioral", "Behavioral", "{4DFE5E6C-CD5E-4A0F-BD80-E5BE0E664371}"
EndProject
Project("{9A19103F-16F7-4668-BE54-9A1E7A4F7556}") = "Pipeline", "src\Pipeline\Pipeline.csproj", "{2E26680F-85F6-4CED-B963-1117D7BBDD9B}"
EndProject
Project("{9A19103F-16F7-4668-BE54-9A1E7A4F7556}") = "Command", "src\Command\Command.csproj", "{D02D6E75-ED54-449F-B571-05D4602812BF}"
EndProject
Project("{9A19103F-16F7-4668-BE54-9A1E7A4F7556}") = "Iterator", "src\Iterator\Iterator.csproj", "{4717C271-1443-4A5B-87F6-191E40AD46E2}"
EndProject
Project("{9A19103F-16F7-4668-BE54-9A1E7A4F7556}") = "Memento", "src\Memento\Memento.csproj", "{FC6B4F05-6246-4169-A355-EA7E60B66D8F}"
EndProject
Project("{9A19103F-16F7-4668-BE54-9A1E7A4F7556}") = "Observer", "src\Observer\Observer.csproj", "{96ABE338-4B18-494F-BF62-9950F8096066}"
EndProject
Project("{9A19103F-16F7-4668-BE54-9A1E7A4F7556}") = "State", "src\State\State.csproj", "{AC948FA5-2058-45EC-BACA-67A115CFAA75}"
EndProject
Project("{9A19103F-16F7-4668-BE54-9A1E7A4F7556}") = "Strategy", "src\Strategy\Strategy.csproj", "{13094203-42FF-42E1-AA3F-37AF5E269FD3}"
EndProject
Project("{FAE04EC0-301F-11D3-BF4B-00C04F79EFBC}") = "Template", "src\Template\Template.csproj", "{46138B49-4E06-49B6-86AC-80D2B14FD32F}"
EndProject
Global
	GlobalSection(SolutionConfigurationPlatforms) = preSolution
		Debug|Any CPU = Debug|Any CPU
		Release|Any CPU = Release|Any CPU
	EndGlobalSection
	GlobalSection(ProjectConfigurationPlatforms) = postSolution
		{57E9E3BC-A309-4F6F-9C74-33224CFED526}.Debug|Any CPU.ActiveCfg = Debug|Any CPU
		{57E9E3BC-A309-4F6F-9C74-33224CFED526}.Debug|Any CPU.Build.0 = Debug|Any CPU
		{57E9E3BC-A309-4F6F-9C74-33224CFED526}.Release|Any CPU.ActiveCfg = Release|Any CPU
		{57E9E3BC-A309-4F6F-9C74-33224CFED526}.Release|Any CPU.Build.0 = Release|Any CPU
		{88B5EF81-E19A-4351-940D-BC9342638431}.Debug|Any CPU.ActiveCfg = Debug|Any CPU
		{88B5EF81-E19A-4351-940D-BC9342638431}.Debug|Any CPU.Build.0 = Debug|Any CPU
		{88B5EF81-E19A-4351-940D-BC9342638431}.Release|Any CPU.ActiveCfg = Release|Any CPU
		{88B5EF81-E19A-4351-940D-BC9342638431}.Release|Any CPU.Build.0 = Release|Any CPU
		{1ECDDC94-5CBC-4658-B1D8-D11A3D69DCE7}.Debug|Any CPU.ActiveCfg = Debug|Any CPU
		{1ECDDC94-5CBC-4658-B1D8-D11A3D69DCE7}.Debug|Any CPU.Build.0 = Debug|Any CPU
		{1ECDDC94-5CBC-4658-B1D8-D11A3D69DCE7}.Release|Any CPU.ActiveCfg = Release|Any CPU
		{1ECDDC94-5CBC-4658-B1D8-D11A3D69DCE7}.Release|Any CPU.Build.0 = Release|Any CPU
		{7961A62D-A7B1-400F-90AB-CAA614115FD2}.Debug|Any CPU.ActiveCfg = Debug|Any CPU
		{7961A62D-A7B1-400F-90AB-CAA614115FD2}.Debug|Any CPU.Build.0 = Debug|Any CPU
		{7961A62D-A7B1-400F-90AB-CAA614115FD2}.Release|Any CPU.ActiveCfg = Release|Any CPU
		{7961A62D-A7B1-400F-90AB-CAA614115FD2}.Release|Any CPU.Build.0 = Release|Any CPU
		{D858D66F-A3F2-406F-8A31-CA084CB45241}.Debug|Any CPU.ActiveCfg = Debug|Any CPU
		{D858D66F-A3F2-406F-8A31-CA084CB45241}.Debug|Any CPU.Build.0 = Debug|Any CPU
		{D858D66F-A3F2-406F-8A31-CA084CB45241}.Release|Any CPU.ActiveCfg = Release|Any CPU
		{D858D66F-A3F2-406F-8A31-CA084CB45241}.Release|Any CPU.Build.0 = Release|Any CPU
		{6C5A7E0B-96CD-4668-8ECA-B5E20CBB8E06}.Debug|Any CPU.ActiveCfg = Debug|Any CPU
		{6C5A7E0B-96CD-4668-8ECA-B5E20CBB8E06}.Debug|Any CPU.Build.0 = Debug|Any CPU
		{6C5A7E0B-96CD-4668-8ECA-B5E20CBB8E06}.Release|Any CPU.ActiveCfg = Release|Any CPU
		{6C5A7E0B-96CD-4668-8ECA-B5E20CBB8E06}.Release|Any CPU.Build.0 = Release|Any CPU
		{AE1499B6-E4DF-4BC6-AE45-F4E3FA2B5559}.Debug|Any CPU.ActiveCfg = Debug|Any CPU
		{AE1499B6-E4DF-4BC6-AE45-F4E3FA2B5559}.Debug|Any CPU.Build.0 = Debug|Any CPU
		{AE1499B6-E4DF-4BC6-AE45-F4E3FA2B5559}.Release|Any CPU.ActiveCfg = Release|Any CPU
		{AE1499B6-E4DF-4BC6-AE45-F4E3FA2B5559}.Release|Any CPU.Build.0 = Release|Any CPU
		{47FF5364-CB16-45DF-84FE-114C3034DA07}.Debug|Any CPU.ActiveCfg = Debug|Any CPU
		{47FF5364-CB16-45DF-84FE-114C3034DA07}.Debug|Any CPU.Build.0 = Debug|Any CPU
		{47FF5364-CB16-45DF-84FE-114C3034DA07}.Release|Any CPU.ActiveCfg = Release|Any CPU
		{47FF5364-CB16-45DF-84FE-114C3034DA07}.Release|Any CPU.Build.0 = Release|Any CPU
		{CB0DCAB1-B32C-4FCD-A5B4-A1302470DEAB}.Debug|Any CPU.ActiveCfg = Debug|Any CPU
		{CB0DCAB1-B32C-4FCD-A5B4-A1302470DEAB}.Debug|Any CPU.Build.0 = Debug|Any CPU
		{CB0DCAB1-B32C-4FCD-A5B4-A1302470DEAB}.Release|Any CPU.ActiveCfg = Release|Any CPU
		{CB0DCAB1-B32C-4FCD-A5B4-A1302470DEAB}.Release|Any CPU.Build.0 = Release|Any CPU
		{36C29964-4CBD-4320-9223-54291E0BE372}.Debug|Any CPU.ActiveCfg = Debug|Any CPU
		{36C29964-4CBD-4320-9223-54291E0BE372}.Debug|Any CPU.Build.0 = Debug|Any CPU
		{36C29964-4CBD-4320-9223-54291E0BE372}.Release|Any CPU.ActiveCfg = Release|Any CPU
		{36C29964-4CBD-4320-9223-54291E0BE372}.Release|Any CPU.Build.0 = Release|Any CPU
		{4D974812-7935-4C73-BB12-7891B6D6BBD1}.Debug|Any CPU.ActiveCfg = Debug|Any CPU
		{4D974812-7935-4C73-BB12-7891B6D6BBD1}.Debug|Any CPU.Build.0 = Debug|Any CPU
		{4D974812-7935-4C73-BB12-7891B6D6BBD1}.Release|Any CPU.ActiveCfg = Release|Any CPU
		{4D974812-7935-4C73-BB12-7891B6D6BBD1}.Release|Any CPU.Build.0 = Release|Any CPU
		{37664D8F-5C96-461B-B0B5-5D7BC4D11B98}.Debug|Any CPU.ActiveCfg = Debug|Any CPU
		{37664D8F-5C96-461B-B0B5-5D7BC4D11B98}.Debug|Any CPU.Build.0 = Debug|Any CPU
		{37664D8F-5C96-461B-B0B5-5D7BC4D11B98}.Release|Any CPU.ActiveCfg = Release|Any CPU
		{37664D8F-5C96-461B-B0B5-5D7BC4D11B98}.Release|Any CPU.Build.0 = Release|Any CPU
		{2E26680F-85F6-4CED-B963-1117D7BBDD9B}.Debug|Any CPU.ActiveCfg = Debug|Any CPU
		{2E26680F-85F6-4CED-B963-1117D7BBDD9B}.Debug|Any CPU.Build.0 = Debug|Any CPU
		{2E26680F-85F6-4CED-B963-1117D7BBDD9B}.Release|Any CPU.ActiveCfg = Release|Any CPU
		{2E26680F-85F6-4CED-B963-1117D7BBDD9B}.Release|Any CPU.Build.0 = Release|Any CPU
		{D02D6E75-ED54-449F-B571-05D4602812BF}.Debug|Any CPU.ActiveCfg = Debug|Any CPU
		{D02D6E75-ED54-449F-B571-05D4602812BF}.Debug|Any CPU.Build.0 = Debug|Any CPU
		{D02D6E75-ED54-449F-B571-05D4602812BF}.Release|Any CPU.ActiveCfg = Release|Any CPU
		{D02D6E75-ED54-449F-B571-05D4602812BF}.Release|Any CPU.Build.0 = Release|Any CPU
		{4717C271-1443-4A5B-87F6-191E40AD46E2}.Debug|Any CPU.ActiveCfg = Debug|Any CPU
		{4717C271-1443-4A5B-87F6-191E40AD46E2}.Debug|Any CPU.Build.0 = Debug|Any CPU
		{4717C271-1443-4A5B-87F6-191E40AD46E2}.Release|Any CPU.ActiveCfg = Release|Any CPU
		{4717C271-1443-4A5B-87F6-191E40AD46E2}.Release|Any CPU.Build.0 = Release|Any CPU
		{FC6B4F05-6246-4169-A355-EA7E60B66D8F}.Debug|Any CPU.ActiveCfg = Debug|Any CPU
		{FC6B4F05-6246-4169-A355-EA7E60B66D8F}.Debug|Any CPU.Build.0 = Debug|Any CPU
		{FC6B4F05-6246-4169-A355-EA7E60B66D8F}.Release|Any CPU.ActiveCfg = Release|Any CPU
		{FC6B4F05-6246-4169-A355-EA7E60B66D8F}.Release|Any CPU.Build.0 = Release|Any CPU
		{96ABE338-4B18-494F-BF62-9950F8096066}.Debug|Any CPU.ActiveCfg = Debug|Any CPU
		{96ABE338-4B18-494F-BF62-9950F8096066}.Debug|Any CPU.Build.0 = Debug|Any CPU
		{96ABE338-4B18-494F-BF62-9950F8096066}.Release|Any CPU.ActiveCfg = Release|Any CPU
		{96ABE338-4B18-494F-BF62-9950F8096066}.Release|Any CPU.Build.0 = Release|Any CPU
		{AC948FA5-2058-45EC-BACA-67A115CFAA75}.Debug|Any CPU.ActiveCfg = Debug|Any CPU
		{AC948FA5-2058-45EC-BACA-67A115CFAA75}.Debug|Any CPU.Build.0 = Debug|Any CPU
		{AC948FA5-2058-45EC-BACA-67A115CFAA75}.Release|Any CPU.ActiveCfg = Release|Any CPU
		{AC948FA5-2058-45EC-BACA-67A115CFAA75}.Release|Any CPU.Build.0 = Release|Any CPU
		{13094203-42FF-42E1-AA3F-37AF5E269FD3}.Debug|Any CPU.ActiveCfg = Debug|Any CPU
		{13094203-42FF-42E1-AA3F-37AF5E269FD3}.Debug|Any CPU.Build.0 = Debug|Any CPU
		{13094203-42FF-42E1-AA3F-37AF5E269FD3}.Release|Any CPU.ActiveCfg = Release|Any CPU
		{13094203-42FF-42E1-AA3F-37AF5E269FD3}.Release|Any CPU.Build.0 = Release|Any CPU
		{46138B49-4E06-49B6-86AC-80D2B14FD32F}.Debug|Any CPU.ActiveCfg = Debug|Any CPU
		{46138B49-4E06-49B6-86AC-80D2B14FD32F}.Debug|Any CPU.Build.0 = Debug|Any CPU
		{46138B49-4E06-49B6-86AC-80D2B14FD32F}.Release|Any CPU.ActiveCfg = Release|Any CPU
		{46138B49-4E06-49B6-86AC-80D2B14FD32F}.Release|Any CPU.Build.0 = Release|Any CPU
	EndGlobalSection
	GlobalSection(SolutionProperties) = preSolution
		HideSolutionNode = FALSE
	EndGlobalSection
	GlobalSection(NestedProjects) = preSolution
		{57E9E3BC-A309-4F6F-9C74-33224CFED526} = {CE445D6A-1CF1-47BB-B54F-C18E1DDA0376}
		{88B5EF81-E19A-4351-940D-BC9342638431} = {CE445D6A-1CF1-47BB-B54F-C18E1DDA0376}
		{1ECDDC94-5CBC-4658-B1D8-D11A3D69DCE7} = {CE445D6A-1CF1-47BB-B54F-C18E1DDA0376}
		{7961A62D-A7B1-400F-90AB-CAA614115FD2} = {CE445D6A-1CF1-47BB-B54F-C18E1DDA0376}
		{D858D66F-A3F2-406F-8A31-CA084CB45241} = {AC175260-867F-4788-9D01-523DD9076C84}
		{6C5A7E0B-96CD-4668-8ECA-B5E20CBB8E06} = {AC175260-867F-4788-9D01-523DD9076C84}
		{AE1499B6-E4DF-4BC6-AE45-F4E3FA2B5559} = {AC175260-867F-4788-9D01-523DD9076C84}
		{47FF5364-CB16-45DF-84FE-114C3034DA07} = {AC175260-867F-4788-9D01-523DD9076C84}
		{CB0DCAB1-B32C-4FCD-A5B4-A1302470DEAB} = {CE445D6A-1CF1-47BB-B54F-C18E1DDA0376}
		{36C29964-4CBD-4320-9223-54291E0BE372} = {AC175260-867F-4788-9D01-523DD9076C84}
		{4D974812-7935-4C73-BB12-7891B6D6BBD1} = {AC175260-867F-4788-9D01-523DD9076C84}
		{37664D8F-5C96-461B-B0B5-5D7BC4D11B98} = {AC175260-867F-4788-9D01-523DD9076C84}
		{2E26680F-85F6-4CED-B963-1117D7BBDD9B} = {4DFE5E6C-CD5E-4A0F-BD80-E5BE0E664371}
		{D02D6E75-ED54-449F-B571-05D4602812BF} = {4DFE5E6C-CD5E-4A0F-BD80-E5BE0E664371}
		{4717C271-1443-4A5B-87F6-191E40AD46E2} = {4DFE5E6C-CD5E-4A0F-BD80-E5BE0E664371}
		{FC6B4F05-6246-4169-A355-EA7E60B66D8F} = {4DFE5E6C-CD5E-4A0F-BD80-E5BE0E664371}
		{96ABE338-4B18-494F-BF62-9950F8096066} = {4DFE5E6C-CD5E-4A0F-BD80-E5BE0E664371}
		{AC948FA5-2058-45EC-BACA-67A115CFAA75} = {4DFE5E6C-CD5E-4A0F-BD80-E5BE0E664371}
		{13094203-42FF-42E1-AA3F-37AF5E269FD3} = {4DFE5E6C-CD5E-4A0F-BD80-E5BE0E664371}
		{46138B49-4E06-49B6-86AC-80D2B14FD32F} = {4DFE5E6C-CD5E-4A0F-BD80-E5BE0E664371}
	EndGlobalSection
	GlobalSection(ExtensibilityGlobals) = postSolution
		SolutionGuid = {24D5D21E-EFCF-4D5C-A373-D41B0CE4F0AA}
	EndGlobalSection
EndGlobal
